
Microsoft Visual Studio Solution File, Format Version 12.00
# Visual Studio Version 17
VisualStudioVersion = 17.0.31903.59
MinimumVisualStudioVersion = 10.0.40219.1
Project("{FAE04EC0-301F-11D3-BF4B-00C04F79EFBC}") = "Datadog.MAUI.iOS.Binding", "Datadog.MAUI.iOS.Binding.csproj", "{B1FB0D91-05E1-4C9E-BD65-81686505A4E2}"
EndProject
Project("{FAE04EC0-301F-11D3-BF4B-00C04F79EFBC}") = "DatadogInternal", "DatadogInternal\DatadogInternal.csproj", "{871C845B-736B-45E0-9546-D2B440AD5908}"
EndProject
Project("{FAE04EC0-301F-11D3-BF4B-00C04F79EFBC}") = "DatadogCore", "DatadogCore\DatadogCore.csproj", "{1CD06ADC-F516-4A2E-AC5B-E95E62716C09}"
EndProject
Project("{FAE04EC0-301F-11D3-BF4B-00C04F79EFBC}") = "DatadogRUM", "DatadogRUM\DatadogRUM.csproj", "{3440F7E3-1B4B-4C8F-8A66-039DC17F1A07}"
EndProject
Project("{FAE04EC0-301F-11D3-BF4B-00C04F79EFBC}") = "DatadogLogs", "DatadogLogs\DatadogLogs.csproj", "{86D2B4DE-06A5-4A95-A8E5-A6F92134841F}"
EndProject
Project("{FAE04EC0-301F-11D3-BF4B-00C04F79EFBC}") = "DatadogTrace", "DatadogTrace\DatadogTrace.csproj", "{7FC89CD4-EABC-47BC-AB30-7E11A21BFABB}"
EndProject
Project("{FAE04EC0-301F-11D3-BF4B-00C04F79EFBC}") = "DatadogCrashReporting", "DatadogCrashReporting\DatadogCrashReporting.csproj", "{05CE082F-971C-46CC-A294-C749CB952E34}"
EndProject
Project("{FAE04EC0-301F-11D3-BF4B-00C04F79EFBC}") = "DatadogSessionReplay", "DatadogSessionReplay\DatadogSessionReplay.csproj", "{F0B66B34-810F-4976-814B-8C26F4FB376E}"
EndProject
Project("{FAE04EC0-301F-11D3-BF4B-00C04F79EFBC}") = "DatadogWebViewTracking", "DatadogWebViewTracking\DatadogWebViewTracking.csproj", "{35D22E2C-5CCA-4799-82B3-C349224367C6}"
EndProject
Project("{FAE04EC0-301F-11D3-BF4B-00C04F79EFBC}") = "DatadogFlags", "DatadogFlags\DatadogFlags.csproj", "{B9C2F7DB-1B6A-457F-BCD1-E2ED17E5B17C}"
EndProject
Project("{FAE04EC0-301F-11D3-BF4B-00C04F79EFBC}") = "OpenTelemetryApi", "OpenTelemetryApi\OpenTelemetryApi.csproj", "{911CB08F-27EB-4848-AC35-A507F583E566}"
EndProject
Global
	GlobalSection(SolutionConfigurationPlatforms) = preSolution
		Debug|Any CPU = Debug|Any CPU
		Debug|x64 = Debug|x64
		Debug|x86 = Debug|x86
		Release|Any CPU = Release|Any CPU
		Release|x64 = Release|x64
		Release|x86 = Release|x86
	EndGlobalSection
	GlobalSection(ProjectConfigurationPlatforms) = postSolution
		{B1FB0D91-05E1-4C9E-BD65-81686505A4E2}.Debug|Any CPU.ActiveCfg = Debug|Any CPU
		{B1FB0D91-05E1-4C9E-BD65-81686505A4E2}.Debug|Any CPU.Build.0 = Debug|Any CPU
		{B1FB0D91-05E1-4C9E-BD65-81686505A4E2}.Debug|x64.ActiveCfg = Debug|Any CPU
		{B1FB0D91-05E1-4C9E-BD65-81686505A4E2}.Debug|x64.Build.0 = Debug|Any CPU
		{B1FB0D91-05E1-4C9E-BD65-81686505A4E2}.Debug|x86.ActiveCfg = Debug|Any CPU
		{B1FB0D91-05E1-4C9E-BD65-81686505A4E2}.Debug|x86.Build.0 = Debug|Any CPU
		{B1FB0D91-05E1-4C9E-BD65-81686505A4E2}.Release|Any CPU.ActiveCfg = Release|Any CPU
		{B1FB0D91-05E1-4C9E-BD65-81686505A4E2}.Release|Any CPU.Build.0 = Release|Any CPU
		{B1FB0D91-05E1-4C9E-BD65-81686505A4E2}.Release|x64.ActiveCfg = Release|Any CPU
		{B1FB0D91-05E1-4C9E-BD65-81686505A4E2}.Release|x64.Build.0 = Release|Any CPU
		{B1FB0D91-05E1-4C9E-BD65-81686505A4E2}.Release|x86.ActiveCfg = Release|Any CPU
		{B1FB0D91-05E1-4C9E-BD65-81686505A4E2}.Release|x86.Build.0 = Release|Any CPU
		{871C845B-736B-45E0-9546-D2B440AD5908}.Debug|Any CPU.ActiveCfg = Debug|Any CPU
		{871C845B-736B-45E0-9546-D2B440AD5908}.Debug|Any CPU.Build.0 = Debug|Any CPU
		{871C845B-736B-45E0-9546-D2B440AD5908}.Debug|x64.ActiveCfg = Debug|Any CPU
		{871C845B-736B-45E0-9546-D2B440AD5908}.Debug|x64.Build.0 = Debug|Any CPU
		{871C845B-736B-45E0-9546-D2B440AD5908}.Debug|x86.ActiveCfg = Debug|Any CPU
		{871C845B-736B-45E0-9546-D2B440AD5908}.Debug|x86.Build.0 = Debug|Any CPU
		{871C845B-736B-45E0-9546-D2B440AD5908}.Release|Any CPU.ActiveCfg = Release|Any CPU
		{871C845B-736B-45E0-9546-D2B440AD5908}.Release|Any CPU.Build.0 = Release|Any CPU
		{871C845B-736B-45E0-9546-D2B440AD5908}.Release|x64.ActiveCfg = Release|Any CPU
		{871C845B-736B-45E0-9546-D2B440AD5908}.Release|x64.Build.0 = Release|Any CPU
		{871C845B-736B-45E0-9546-D2B440AD5908}.Release|x86.ActiveCfg = Release|Any CPU
		{871C845B-736B-45E0-9546-D2B440AD5908}.Release|x86.Build.0 = Release|Any CPU
		{1CD06ADC-F516-4A2E-AC5B-E95E62716C09}.Debug|Any CPU.ActiveCfg = Debug|Any CPU
		{1CD06ADC-F516-4A2E-AC5B-E95E62716C09}.Debug|Any CPU.Build.0 = Debug|Any CPU
		{1CD06ADC-F516-4A2E-AC5B-E95E62716C09}.Debug|x64.ActiveCfg = Debug|Any CPU
		{1CD06ADC-F516-4A2E-AC5B-E95E62716C09}.Debug|x64.Build.0 = Debug|Any CPU
		{1CD06ADC-F516-4A2E-AC5B-E95E62716C09}.Debug|x86.ActiveCfg = Debug|Any CPU
		{1CD06ADC-F516-4A2E-AC5B-E95E62716C09}.Debug|x86.Build.0 = Debug|Any CPU
		{1CD06ADC-F516-4A2E-AC5B-E95E62716C09}.Release|Any CPU.ActiveCfg = Release|Any CPU
		{1CD06ADC-F516-4A2E-AC5B-E95E62716C09}.Release|Any CPU.Build.0 = Release|Any CPU
		{1CD06ADC-F516-4A2E-AC5B-E95E62716C09}.Release|x64.ActiveCfg = Release|Any CPU
		{1CD06ADC-F516-4A2E-AC5B-E95E62716C09}.Release|x64.Build.0 = Release|Any CPU
		{1CD06ADC-F516-4A2E-AC5B-E95E62716C09}.Release|x86.ActiveCfg = Release|Any CPU
		{1CD06ADC-F516-4A2E-AC5B-E95E62716C09}.Release|x86.Build.0 = Release|Any CPU
		{3440F7E3-1B4B-4C8F-8A66-039DC17F1A07}.Debug|Any CPU.ActiveCfg = Debug|Any CPU
		{3440F7E3-1B4B-4C8F-8A66-039DC17F1A07}.Debug|Any CPU.Build.0 = Debug|Any CPU
		{3440F7E3-1B4B-4C8F-8A66-039DC17F1A07}.Debug|x64.ActiveCfg = Debug|Any CPU
		{3440F7E3-1B4B-4C8F-8A66-039DC17F1A07}.Debug|x64.Build.0 = Debug|Any CPU
		{3440F7E3-1B4B-4C8F-8A66-039DC17F1A07}.Debug|x86.ActiveCfg = Debug|Any CPU
		{3440F7E3-1B4B-4C8F-8A66-039DC17F1A07}.Debug|x86.Build.0 = Debug|Any CPU
		{3440F7E3-1B4B-4C8F-8A66-039DC17F1A07}.Release|Any CPU.ActiveCfg = Release|Any CPU
		{3440F7E3-1B4B-4C8F-8A66-039DC17F1A07}.Release|Any CPU.Build.0 = Release|Any CPU
		{3440F7E3-1B4B-4C8F-8A66-039DC17F1A07}.Release|x64.ActiveCfg = Release|Any CPU
		{3440F7E3-1B4B-4C8F-8A66-039DC17F1A07}.Release|x64.Build.0 = Release|Any CPU
		{3440F7E3-1B4B-4C8F-8A66-039DC17F1A07}.Release|x86.ActiveCfg = Release|Any CPU
		{3440F7E3-1B4B-4C8F-8A66-039DC17F1A07}.Release|x86.Build.0 = Release|Any CPU
		{86D2B4DE-06A5-4A95-A8E5-A6F92134841F}.Debug|Any CPU.ActiveCfg = Debug|Any CPU
		{86D2B4DE-06A5-4A95-A8E5-A6F92134841F}.Debug|Any CPU.Build.0 = Debug|Any CPU
		{86D2B4DE-06A5-4A95-A8E5-A6F92134841F}.Debug|x64.ActiveCfg = Debug|Any CPU
		{86D2B4DE-06A5-4A95-A8E5-A6F92134841F}.Debug|x64.Build.0 = Debug|Any CPU
		{86D2B4DE-06A5-4A95-A8E5-A6F92134841F}.Debug|x86.ActiveCfg = Debug|Any CPU
		{86D2B4DE-06A5-4A95-A8E5-A6F92134841F}.Debug|x86.Build.0 = Debug|Any CPU
		{86D2B4DE-06A5-4A95-A8E5-A6F92134841F}.Release|Any CPU.ActiveCfg = Release|Any CPU
		{86D2B4DE-06A5-4A95-A8E5-A6F92134841F}.Release|Any CPU.Build.0 = Release|Any CPU
		{86D2B4DE-06A5-4A95-A8E5-A6F92134841F}.Release|x64.ActiveCfg = Release|Any CPU
		{86D2B4DE-06A5-4A95-A8E5-A6F92134841F}.Release|x64.Build.0 = Release|Any CPU
		{86D2B4DE-06A5-4A95-A8E5-A6F92134841F}.Release|x86.ActiveCfg = Release|Any CPU
		{86D2B4DE-06A5-4A95-A8E5-A6F92134841F}.Release|x86.Build.0 = Release|Any CPU
		{7FC89CD4-EABC-47BC-AB30-7E11A21BFABB}.Debug|Any CPU.ActiveCfg = Debug|Any CPU
		{7FC89CD4-EABC-47BC-AB30-7E11A21BFABB}.Debug|Any CPU.Build.0 = Debug|Any CPU
		{7FC89CD4-EABC-47BC-AB30-7E11A21BFABB}.Debug|x64.ActiveCfg = Debug|Any CPU
		{7FC89CD4-EABC-47BC-AB30-7E11A21BFABB}.Debug|x64.Build.0 = Debug|Any CPU
		{7FC89CD4-EABC-47BC-AB30-7E11A21BFABB}.Debug|x86.ActiveCfg = Debug|Any CPU
		{7FC89CD4-EABC-47BC-AB30-7E11A21BFABB}.Debug|x86.Build.0 = Debug|Any CPU
		{7FC89CD4-EABC-47BC-AB30-7E11A21BFABB}.Release|Any CPU.ActiveCfg = Release|Any CPU
		{7FC89CD4-EABC-47BC-AB30-7E11A21BFABB}.Release|Any CPU.Build.0 = Release|Any CPU
		{7FC89CD4-EABC-47BC-AB30-7E11A21BFABB}.Release|x64.ActiveCfg = Release|Any CPU
		{7FC89CD4-EABC-47BC-AB30-7E11A21BFABB}.Release|x64.Build.0 = Release|Any CPU
		{7FC89CD4-EABC-47BC-AB30-7E11A21BFABB}.Release|x86.ActiveCfg = Release|Any CPU
		{7FC89CD4-EABC-47BC-AB30-7E11A21BFABB}.Release|x86.Build.0 = Release|Any CPU
		{05CE082F-971C-46CC-A294-C749CB952E34}.Debug|Any CPU.ActiveCfg = Debug|Any CPU
		{05CE082F-971C-46CC-A294-C749CB952E34}.Debug|Any CPU.Build.0 = Debug|Any CPU
		{05CE082F-971C-46CC-A294-C749CB952E34}.Debug|x64.ActiveCfg = Debug|Any CPU
		{05CE082F-971C-46CC-A294-C749CB952E34}.Debug|x64.Build.0 = Debug|Any CPU
		{05CE082F-971C-46CC-A294-C749CB952E34}.Debug|x86.ActiveCfg = Debug|Any CPU
		{05CE082F-971C-46CC-A294-C749CB952E34}.Debug|x86.Build.0 = Debug|Any CPU
		{05CE082F-971C-46CC-A294-C749CB952E34}.Release|Any CPU.ActiveCfg = Release|Any CPU
		{05CE082F-971C-46CC-A294-C749CB952E34}.Release|Any CPU.Build.0 = Release|Any CPU
		{05CE082F-971C-46CC-A294-C749CB952E34}.Release|x64.ActiveCfg = Release|Any CPU
		{05CE082F-971C-46CC-A294-C749CB952E34}.Release|x64.Build.0 = Release|Any CPU
		{05CE082F-971C-46CC-A294-C749CB952E34}.Release|x86.ActiveCfg = Release|Any CPU
		{05CE082F-971C-46CC-A294-C749CB952E34}.Release|x86.Build.0 = Release|Any CPU
		{F0B66B34-810F-4976-814B-8C26F4FB376E}.Debug|Any CPU.ActiveCfg = Debug|Any CPU
		{F0B66B34-810F-4976-814B-8C26F4FB376E}.Debug|Any CPU.Build.0 = Debug|Any CPU
		{F0B66B34-810F-4976-814B-8C26F4FB376E}.Debug|x64.ActiveCfg = Debug|Any CPU
		{F0B66B34-810F-4976-814B-8C26F4FB376E}.Debug|x64.Build.0 = Debug|Any CPU
		{F0B66B34-810F-4976-814B-8C26F4FB376E}.Debug|x86.ActiveCfg = Debug|Any CPU
		{F0B66B34-810F-4976-814B-8C26F4FB376E}.Debug|x86.Build.0 = Debug|Any CPU
		{F0B66B34-810F-4976-814B-8C26F4FB376E}.Release|Any CPU.ActiveCfg = Release|Any CPU
		{F0B66B34-810F-4976-814B-8C26F4FB376E}.Release|Any CPU.Build.0 = Release|Any CPU
		{F0B66B34-810F-4976-814B-8C26F4FB376E}.Release|x64.ActiveCfg = Release|Any CPU
		{F0B66B34-810F-4976-814B-8C26F4FB376E}.Release|x64.Build.0 = Release|Any CPU
		{F0B66B34-810F-4976-814B-8C26F4FB376E}.Release|x86.ActiveCfg = Release|Any CPU
		{F0B66B34-810F-4976-814B-8C26F4FB376E}.Release|x86.Build.0 = Release|Any CPU
		{35D22E2C-5CCA-4799-82B3-C349224367C6}.Debug|Any CPU.ActiveCfg = Debug|Any CPU
		{35D22E2C-5CCA-4799-82B3-C349224367C6}.Debug|Any CPU.Build.0 = Debug|Any CPU
		{35D22E2C-5CCA-4799-82B3-C349224367C6}.Debug|x64.ActiveCfg = Debug|Any CPU
		{35D22E2C-5CCA-4799-82B3-C349224367C6}.Debug|x64.Build.0 = Debug|Any CPU
		{35D22E2C-5CCA-4799-82B3-C349224367C6}.Debug|x86.ActiveCfg = Debug|Any CPU
		{35D22E2C-5CCA-4799-82B3-C349224367C6}.Debug|x86.Build.0 = Debug|Any CPU
		{35D22E2C-5CCA-4799-82B3-C349224367C6}.Release|Any CPU.ActiveCfg = Release|Any CPU
		{35D22E2C-5CCA-4799-82B3-C349224367C6}.Release|Any CPU.Build.0 = Release|Any CPU
		{35D22E2C-5CCA-4799-82B3-C349224367C6}.Release|x64.ActiveCfg = Release|Any CPU
		{35D22E2C-5CCA-4799-82B3-C349224367C6}.Release|x64.Build.0 = Release|Any CPU
		{35D22E2C-5CCA-4799-82B3-C349224367C6}.Release|x86.ActiveCfg = Release|Any CPU
		{35D22E2C-5CCA-4799-82B3-C349224367C6}.Release|x86.Build.0 = Release|Any CPU
		{B9C2F7DB-1B6A-457F-BCD1-E2ED17E5B17C}.Debug|Any CPU.ActiveCfg = Debug|Any CPU
		{B9C2F7DB-1B6A-457F-BCD1-E2ED17E5B17C}.Debug|Any CPU.Build.0 = Debug|Any CPU
		{B9C2F7DB-1B6A-457F-BCD1-E2ED17E5B17C}.Debug|x64.ActiveCfg = Debug|Any CPU
		{B9C2F7DB-1B6A-457F-BCD1-E2ED17E5B17C}.Debug|x64.Build.0 = Debug|Any CPU
		{B9C2F7DB-1B6A-457F-BCD1-E2ED17E5B17C}.Debug|x86.ActiveCfg = Debug|Any CPU
		{B9C2F7DB-1B6A-457F-BCD1-E2ED17E5B17C}.Debug|x86.Build.0 = Debug|Any CPU
		{B9C2F7DB-1B6A-457F-BCD1-E2ED17E5B17C}.Release|Any CPU.ActiveCfg = Release|Any CPU
		{B9C2F7DB-1B6A-457F-BCD1-E2ED17E5B17C}.Release|Any CPU.Build.0 = Release|Any CPU
		{B9C2F7DB-1B6A-457F-BCD1-E2ED17E5B17C}.Release|x64.ActiveCfg = Release|Any CPU
		{B9C2F7DB-1B6A-457F-BCD1-E2ED17E5B17C}.Release|x64.Build.0 = Release|Any CPU
		{B9C2F7DB-1B6A-457F-BCD1-E2ED17E5B17C}.Release|x86.ActiveCfg = Release|Any CPU
		{B9C2F7DB-1B6A-457F-BCD1-E2ED17E5B17C}.Release|x86.Build.0 = Release|Any CPU
		{911CB08F-27EB-4848-AC35-A507F583E566}.Debug|Any CPU.ActiveCfg = Debug|Any CPU
		{911CB08F-27EB-4848-AC35-A507F583E566}.Debug|Any CPU.Build.0 = Debug|Any CPU
		{911CB08F-27EB-4848-AC35-A507F583E566}.Debug|x64.ActiveCfg = Debug|Any CPU
		{911CB08F-27EB-4848-AC35-A507F583E566}.Debug|x64.Build.0 = Debug|Any CPU
		{911CB08F-27EB-4848-AC35-A507F583E566}.Debug|x86.ActiveCfg = Debug|Any CPU
		{911CB08F-27EB-4848-AC35-A507F583E566}.Debug|x86.Build.0 = Debug|Any CPU
		{911CB08F-27EB-4848-AC35-A507F583E566}.Release|Any CPU.ActiveCfg = Release|Any CPU
		{911CB08F-27EB-4848-AC35-A507F583E566}.Release|Any CPU.Build.0 = Release|Any CPU
		{911CB08F-27EB-4848-AC35-A507F583E566}.Release|x64.ActiveCfg = Release|Any CPU
		{911CB08F-27EB-4848-AC35-A507F583E566}.Release|x64.Build.0 = Release|Any CPU
		{911CB08F-27EB-4848-AC35-A507F583E566}.Release|x86.ActiveCfg = Release|Any CPU
		{911CB08F-27EB-4848-AC35-A507F583E566}.Release|x86.Build.0 = Release|Any CPU
	EndGlobalSection
	GlobalSection(SolutionProperties) = preSolution
		HideSolutionNode = FALSE
	EndGlobalSection
EndGlobal
